[[package]]
name = "cc"
version = "1.0.30"
source = "registry+https://github.com/rust-lang/crates.io-index"

[[package]]
name = "libc"
version = "0.2.50"
source = "registry+https://github.com/rust-lang/crates.io-index"

[[package]]
name = "monotron-app"
version = "0.1.0"
dependencies = [
 "ncurses 5.99.0 (registry+https://github.com/rust-lang/crates.io-index)",
]

[[package]]
name = "monotron-slideshow"
version = "0.1.0"
dependencies = [
 "monotron-app 0.1.0",
]

[[package]]
name = "ncurses"
version = "5.99.0"
source = "registry+https://github.com/rust-lang/crates.io-index"
dependencies = [
 "cc 1.0.30 (registry+https://github.com/rust-lang/crates.io-index)",
 "libc 0.2.50 (registry+https://github.com/rust-lang/crates.io-index)",
 "pkg-config 0.3.14 (registry+https://github.com/rust-lang/crates.io-index)",
]

[[package]]
name = "pkg-config"
version = "0.3.14"
source = "registry+https://github.com/rust-lang/crates.io-index"

[metadata]
"checksum cc 1.0.30 (registry+https://github.com/rust-lang/crates.io-index)" = "d01c69d08ff207f231f07196e30f84c70f1c815b04f980f8b7b01ff01f05eb92"
"checksum libc 0.2.50 (registry+https://github.com/rust-lang/crates.io-index)" = "aab692d7759f5cd8c859e169db98ae5b52c924add2af5fbbca11d12fefb567c1"
"checksum ncurses 5.99.0 (registry+https://github.com/rust-lang/crates.io-index)" = "15699bee2f37e9f8828c7b35b2bc70d13846db453f2d507713b758fabe536b82"
"checksum pkg-config 0.3.14 (registry+https://github.com/rust-lang/crates.io-index)" = "676e8eb2b1b4c9043511a9b7bea0915320d7e502b0a079fb03f9635a5252b18c"
